// !$*UTF8*$!
{
	archiveVersion = 1;
	classes = {
	};
	objectVersion = 50;
	objects = {

/* Begin PBXBuildFile section */
		46DBC55623DFA48400985765 /* AppDelegate.swift in Sources */ = {isa = PBXBuildFile; fileRef = 46DBC55523DFA48400985765 /* AppDelegate.swift */; };
		46DBC55823DFA48400985765 /* SceneDelegate.swift in Sources */ = {isa = PBXBuildFile; fileRef = 46DBC55723DFA48400985765 /* SceneDelegate.swift */; };
		46DBC55A23DFA48400985765 /* ViewController.swift in Sources */ = {isa = PBXBuildFile; fileRef = 46DBC55923DFA48400985765 /* ViewController.swift */; };
		46DBC55D23DFA48400985765 /* Main.storyboard in Resources */ = {isa = PBXBuildFile; fileRef = 46DBC55B23DFA48400985765 /* Main.storyboard */; };
		46DBC55F23DFA48500985765 /* Assets.xcassets in Resources */ = {isa = PBXBuildFile; fileRef = 46DBC55E23DFA48500985765 /* Assets.xcassets */; };
		46DBC56223DFA48500985765 /* LaunchScreen.storyboard in Resources */ = {isa = PBXBuildFile; fileRef = 46DBC56023DFA48500985765 /* LaunchScreen.storyboard */; };
		46DBC56D23DFA48500985765 /* githubTestTests.swift in Sources */ = {isa = PBXBuildFile; fileRef = 46DBC56C23DFA48500985765 /* githubTestTests.swift */; };
		46DBC57823DFA48600985765 /* githubTestUITests.swift in Sources */ = {isa = PBXBuildFile; fileRef = 46DBC57723DFA48600985765 /* githubTestUITests.swift */; };
/* End PBXBuildFile section */

/* Begin PBXContainerItemProxy section */
		46DBC56923DFA48500985765 /* PBXContainerItemProxy */ = {
			isa = PBXContainerItemProxy;
			containerPortal = 46DBC54A23DFA48300985765 /* Project object */;
			proxyType = 1;
			remoteGlobalIDString = 46DBC55123DFA48300985765;
			remoteInfo = githubTest;
		};
		46DBC57423DFA48600985765 /* PBXContainerItemProxy */ = {
			isa = PBXContainerItemProxy;
			containerPortal = 46DBC54A23DFA48300985765 /* Project object */;
			proxyType = 1;
			remoteGlobalIDString = 46DBC55123DFA48300985765;
			remoteInfo = githubTest;
		};
/* End PBXContainerItemProxy section */

/* Begin PBXFileReference section */
		46DBC55223DFA48400985765 /* githubTest.app */ = {isa = PBXFileReference; explicitFileType = wrapper.application; includeInIndex = 0; path = githubTest.app; sourceTree = BUILT_PRODUCTS_DIR; };
		46DBC55523DFA48400985765 /* AppDelegate.swift */ = {isa = PBXFileReference; lastKnownFileType = sourcecode.swift; path = AppDelegate.swift; sourceTree = "<group>"; };
		46DBC55723DFA48400985765 /* SceneDelegate.swift */ = {isa = PBXFileReference; lastKnownFileType = sourcecode.swift; path = SceneDelegate.swift; sourceTree = "<group>"; };
		46DBC55923DFA48400985765 /* ViewController.swift */ = {isa = PBXFileReference; lastKnownFileType = sourcecode.swift; path = ViewController.swift; sourceTree = "<group>"; };
		46DBC55C23DFA48400985765 /* Base */ = {isa = PBXFileReference; lastKnownFileType = file.storyboard; name = Base; path = Base.lproj/Main.storyboard; sourceTree = "<group>"; };
		46DBC55E23DFA48500985765 /* Assets.xcassets */ = {isa = PBXFileReference; lastKnownFileType = folder.assetcatalog; path = Assets.xcassets; sourceTree = "<group>"; };
		46DBC56123DFA48500985765 /* Base */ = {isa = PBXFileReference; lastKnownFileType = file.storyboard; name = Base; path = Base.lproj/LaunchScreen.storyboard; sourceTree = "<group>"; };
		46DBC56323DFA48500985765 /* Info.plist */ = {isa = PBXFileReference; lastKnownFileType = text.plist.xml; path = Info.plist; sourceTree = "<group>"; };
		46DBC56823DFA48500985765 /* githubTestTests.xctest */ = {isa = PBXFileReference; explicitFileType = wrapper.cfbundle; includeInIndex = 0; path = githubTestTests.xctest; sourceTree = BUILT_PRODUCTS_DIR; };
		46DBC56C23DFA48500985765 /* githubTestTests.swift */ = {isa = PBXFileReference; lastKnownFileType = sourcecode.swift; path = githubTestTests.swift; sourceTree = "<group>"; };
		46DBC56E23DFA48500985765 /* Info.plist */ = {isa = PBXFileReference; lastKnownFileType = text.plist.xml; path = Info.plist; sourceTree = "<group>"; };
		46DBC57323DFA48600985765 /* githubTestUITests.xctest */ = {isa = PBXFileReference; explicitFileType = wrapper.cfbundle; includeInIndex = 0; path = githubTestUITests.xctest; sourceTree = BUILT_PRODUCTS_DIR; };
		46DBC57723DFA48600985765 /* githubTestUITests.swift */ = {isa = PBXFileReference; lastKnownFileType = sourcecode.swift; path = githubTestUITests.swift; sourceTree = "<group>"; };
		46DBC57923DFA48600985765 /* Info.plist */ = {isa = PBXFileReference; lastKnownFileType = text.plist.xml; path = Info.plist; sourceTree = "<group>"; };
/* End PBXFileReference section */

/* Begin PBXFrameworksBuildPhase section */
		46DBC54F23DFA48300985765 /* Frameworks */ = {
			isa = PBXFrameworksBuildPhase;
			buildActionMask = 2147483647;
			files = (
			);
			runOnlyForDeploymentPostprocessing = 0;
		};
		46DBC56523DFA48500985765 /* Frameworks */ = {
			isa = PBXFrameworksBuildPhase;
			buildActionMask = 2147483647;
			files = (
			);
			runOnlyForDeploymentPostprocessing = 0;
		};
		46DBC57023DFA48600985765 /* Frameworks */ = {
			isa = PBXFrameworksBuildPhase;
			buildActionMask = 2147483647;
			files = (
			);
			runOnlyForDeploymentPostprocessing = 0;
		};
/* End PBXFrameworksBuildPhase section */

/* Begin PBXGroup section */
		46DBC54923DFA48300985765 = {
			isa = PBXGroup;
			children = (
				46DBC55423DFA48400985765 /* githubTest */,
				46DBC56B23DFA48500985765 /* githubTestTests */,
				46DBC57623DFA48600985765 /* githubTestUITests */,
				46DBC55323DFA48400985765 /* Products */,
			);
			sourceTree = "<group>";
		};
		46DBC55323DFA48400985765 /* Products */ = {
			isa = PBXGroup;
			children = (
				46DBC55223DFA48400985765 /* githubTest.app */,
				46DBC56823DFA48500985765 /* githubTestTests.xctest */,
				46DBC57323DFA48600985765 /* githubTestUITests.xctest */,
			);
			name = Products;
			sourceTree = "<group>";
		};
		46DBC55423DFA48400985765 /* githubTest */ = {
			isa = PBXGroup;
			children = (
				46DBC55523DFA48400985765 /* AppDelegate.swift */,
				46DBC55723DFA48400985765 /* SceneDelegate.swift */,
				46DBC55923DFA48400985765 /* ViewController.swift */,
				46DBC55B23DFA48400985765 /* Main.storyboard */,
				46DBC55E23DFA48500985765 /* Assets.xcassets */,
				46DBC56023DFA48500985765 /* LaunchScreen.storyboard */,
				46DBC56323DFA48500985765 /* Info.plist */,
			);
			path = githubTest;
			sourceTree = "<group>";
		};
		46DBC56B23DFA48500985765 /* githubTestTests */ = {
			isa = PBXGroup;
			children = (
				46DBC56C23DFA48500985765 /* githubTestTests.swift */,
				46DBC56E23DFA48500985765 /* Info.plist */,
			);
			path = githubTestTests;
			sourceTree = "<group>";
		};
		46DBC57623DFA48600985765 /* githubTestUITests */ = {
			isa = PBXGroup;
			children = (
				46DBC57723DFA48600985765 /* githubTestUITests.swift */,
				46DBC57923DFA48600985765 /* Info.plist */,
			);
			path = githubTestUITests;
			sourceTree = "<group>";
		};
/* End PBXGroup section */

/* Begin PBXNativeTarget section */
		46DBC55123DFA48300985765 /* githubTest */ = {
			isa = PBXNativeTarget;
			buildConfigurationList = 46DBC57C23DFA48600985765 /* Build configuration list for PBXNativeTarget "githubTest" */;
			buildPhases = (
				46DBC54E23DFA48300985765 /* Sources */,
				46DBC54F23DFA48300985765 /* Frameworks */,
				46DBC55023DFA48300985765 /* Resources */,
			);
			buildRules = (
			);
			dependencies = (
			);
			name = githubTest;
			productName = githubTest;
			productReference = 46DBC55223DFA48400985765 /* githubTest.app */;
			productType = "com.apple.product-type.application";
		};
		46DBC56723DFA48500985765 /* githubTestTests */ = {
			isa = PBXNativeTarget;
			buildConfigurationList = 46DBC57F23DFA48600985765 /* Build configuration list for PBXNativeTarget "githubTestTests" */;
			buildPhases = (
				46DBC56423DFA48500985765 /* Sources */,
				46DBC56523DFA48500985765 /* Frameworks */,
				46DBC56623DFA48500985765 /* Resources */,
			);
			buildRules = (
			);
			dependencies = (
				46DBC56A23DFA48500985765 /* PBXTargetDependency */,
			);
			name = githubTestTests;
			productName = githubTestTests;
			productReference = 46DBC56823DFA48500985765 /* githubTestTests.xctest */;
			productType = "com.apple.product-type.bundle.unit-test";
		};
		46DBC57223DFA48600985765 /* githubTestUITests */ = {
			isa = PBXNativeTarget;
			buildConfigurationList = 46DBC58223DFA48600985765 /* Build configuration list for PBXNativeTarget "githubTestUITests" */;
			buildPhases = (
				46DBC56F23DFA48600985765 /* Sources */,
				46DBC57023DFA48600985765 /* Frameworks */,
				46DBC57123DFA48600985765 /* Resources */,
			);
			buildRules = (
			);
			dependencies = (
				46DBC57523DFA48600985765 /* PBXTargetDependency */,
			);
			name = githubTestUITests;
			productName = githubTestUITests;
			productReference = 46DBC57323DFA48600985765 /* githubTestUITests.xctest */;
			productType = "com.apple.product-type.bundle.ui-testing";
		};
/* End PBXNativeTarget section */

/* Begin PBXProject section */
		46DBC54A23DFA48300985765 /* Project object */ = {
			isa = PBXProject;
			attributes = {
				LastSwiftUpdateCheck = 1130;
				LastUpgradeCheck = 1130;
				ORGANIZATIONNAME = "Youssef Elabd";
				TargetAttributes = {
					46DBC55123DFA48300985765 = {
						CreatedOnToolsVersion = 11.3.1;
					};
					46DBC56723DFA48500985765 = {
						CreatedOnToolsVersion = 11.3.1;
						TestTargetID = 46DBC55123DFA48300985765;
					};
					46DBC57223DFA48600985765 = {
						CreatedOnToolsVersion = 11.3.1;
						TestTargetID = 46DBC55123DFA48300985765;
					};
				};
			};
			buildConfigurationList = 46DBC54D23DFA48300985765 /* Build configuration list for PBXProject "githubTest" */;
			compatibilityVersion = "Xcode 9.3";
			developmentRegion = en;
			hasScannedForEncodings = 0;
			knownRegions = (
				en,
				Base,
			);
			mainGroup = 46DBC54923DFA48300985765;
			productRefGroup = 46DBC55323DFA48400985765 /* Products */;
			projectDirPath = "";
			projectRoot = "";
			targets = (
				46DBC55123DFA48300985765 /* githubTest */,
				46DBC56723DFA48500985765 /* githubTestTests */,
				46DBC57223DFA48600985765 /* githubTestUITests */,
			);
		};
/* End PBXProject section */

/* Begin PBXResourcesBuildPhase section */
		46DBC55023DFA48300985765 /* Resources */ = {
			isa = PBXResourcesBuildPhase;
			buildActionMask = 2147483647;
			files = (
				46DBC56223DFA48500985765 /* LaunchScreen.storyboard in Resources */,
				46DBC55F23DFA48500985765 /* Assets.xcassets in Resources */,
				46DBC55D23DFA48400985765 /* Main.storyboard in Resources */,
			);
			runOnlyForDeploymentPostprocessing = 0;
		};
		46DBC56623DFA48500985765 /* Resources */ = {
			isa = PBXResourcesBuildPhase;
			buildActionMask = 2147483647;
			files = (
			);
			runOnlyForDeploymentPostprocessing = 0;
		};
		46DBC57123DFA48600985765 /* Resources */ = {
			isa = PBXResourcesBuildPhase;
			buildActionMask = 2147483647;
			files = (
			);
			runOnlyForDeploymentPostprocessing = 0;
		};
/* End PBXResourcesBuildPhase section */

/* Begin PBXSourcesBuildPhase section */
		46DBC54E23DFA48300985765 /* Sources */ = {
			isa = PBXSourcesBuildPhase;
			buildActionMask = 2147483647;
			files = (
				46DBC55A23DFA48400985765 /* ViewController.swift in Sources */,
				46DBC55623DFA48400985765 /* AppDelegate.swift in Sources */,
				46DBC55823DFA48400985765 /* SceneDelegate.swift in Sources */,
			);
			runOnlyForDeploymentPostprocessing = 0;
		};
		46DBC56423DFA48500985765 /* Sources */ = {
			isa = PBXSourcesBuildPhase;
			buildActionMask = 2147483647;
			files = (
				46DBC56D23DFA48500985765 /* githubTestTests.swift in Sources */,
			);
			runOnlyForDeploymentPostprocessing = 0;
		};
		46DBC56F23DFA48600985765 /* Sources */ = {
			isa = PBXSourcesBuildPhase;
			buildActionMask = 2147483647;
			files = (
				46DBC57823DFA48600985765 /* githubTestUITests.swift in Sources */,
			);
			runOnlyForDeploymentPostprocessing = 0;
		};
/* End PBXSourcesBuildPhase section */

/* Begin PBXTargetDependency section */
		46DBC56A23DFA48500985765 /* PBXTargetDependency */ = {
			isa = PBXTargetDependency;
			target = 46DBC55123DFA48300985765 /* githubTest */;
			targetProxy = 46DBC56923DFA48500985765 /* PBXContainerItemProxy */;
		};
		46DBC57523DFA48600985765 /* PBXTargetDependency */ = {
			isa = PBXTargetDependency;
			target = 46DBC55123DFA48300985765 /* githubTest */;
			targetProxy = 46DBC57423DFA48600985765 /* PBXContainerItemProxy */;
		};
/* End PBXTargetDependency section */

/* Begin PBXVariantGroup section */
		46DBC55B23DFA48400985765 /* Main.storyboard */ = {
			isa = PBXVariantGroup;
			children = (
				46DBC55C23DFA48400985765 /* Base */,
			);
			name = Main.storyboard;
			sourceTree = "<group>";
		};
		46DBC56023DFA48500985765 /* LaunchScreen.storyboard */ = {
			isa = PBXVariantGroup;
			children = (
				46DBC56123DFA48500985765 /* Base */,
			);
			name = LaunchScreen.storyboard;
			sourceTree = "<group>";
		};
/* End PBXVariantGroup section */

/* Begin XCBuildConfiguration section */
		46DBC57A23DFA48600985765 /* Debug */ = {
			isa = XCBuildConfiguration;
			buildSettings = {
				ALWAYS_SEARCH_USER_PATHS = NO;
				CLANG_ANALYZER_NONNULL = YES;
				CLANG_ANALYZER_NUMBER_OBJECT_CONVERSION = YES_AGGRESSIVE;
				CLANG_CXX_LANGUAGE_STANDARD = "gnu++14";
				CLANG_CXX_LIBRARY = "libc++";
				CLANG_ENABLE_MODULES = YES;
				CLANG_ENABLE_OBJC_ARC = YES;
				CLANG_ENABLE_OBJC_WEAK = YES;
				CLANG_WARN_BLOCK_CAPTURE_AUTORELEASING = YES;
				CLANG_WARN_BOOL_CONVERSION = YES;
				CLANG_WARN_COMMA = YES;
				CLANG_WARN_CONSTANT_CONVERSION = YES;
				CLANG_WARN_DEPRECATED_OBJC_IMPLEMENTATIONS = YES;
				CLANG_WARN_DIRECT_OBJC_ISA_USAGE = YES_ERROR;
				CLANG_WARN_DOCUMENTATION_COMMENTS = YES;
				CLANG_WARN_EMPTY_BODY = YES;
				CLANG_WARN_ENUM_CONVERSION = YES;
				CLANG_WARN_INFINITE_RECURSION = YES;
				CLANG_WARN_INT_CONVERSION = YES;
				CLANG_WARN_NON_LITERAL_NULL_CONVERSION = YES;
				CLANG_WARN_OBJC_IMPLICIT_RETAIN_SELF = YES;
				CLANG_WARN_OBJC_LITERAL_CONVERSION = YES;
				CLANG_WARN_OBJC_ROOT_CLASS = YES_ERROR;
				CLANG_WARN_RANGE_LOOP_ANALYSIS = YES;
				CLANG_WARN_STRICT_PROTOTYPES = YES;
				CLANG_WARN_SUSPICIOUS_MOVE = YES;
				CLANG_WARN_UNGUARDED_AVAILABILITY = YES_AGGRESSIVE;
				CLANG_WARN_UNREACHABLE_CODE = YES;
				CLANG_WARN__DUPLICATE_METHOD_MATCH = YES;
				COPY_PHASE_STRIP = NO;
				DEBUG_INFORMATION_FORMAT = dwarf;
				ENABLE_STRICT_OBJC_MSGSEND = YES;
				ENABLE_TESTABILITY = YES;
				GCC_C_LANGUAGE_STANDARD = gnu11;
				GCC_DYNAMIC_NO_PIC = NO;
				GCC_NO_COMMON_BLOCKS = YES;
				GCC_OPTIMIZATION_LEVEL = 0;
				GCC_PREPROCESSOR_DEFINITIONS = (
					"DEBUG=1",
					"$(inherited)",
				);
				GCC_WARN_64_TO_32_BIT_CONVERSION = YES;
				GCC_WARN_ABOUT_RETURN_TYPE = YES_ERROR;
				GCC_WARN_UNDECLARED_SELECTOR = YES;
				GCC_WARN_UNINITIALIZED_AUTOS = YES_AGGRESSIVE;
				GCC_WARN_UNUSED_FUNCTION = YES;
				GCC_WARN_UNUSED_VARIABLE = YES;
				IPHONEOS_DEPLOYMENT_TARGET = 13.2;
				MTL_ENABLE_DEBUG_INFO = INCLUDE_SOURCE;
				MTL_FAST_MATH = YES;
				ONLY_ACTIVE_ARCH = YES;
				SDKROOT = iphoneos;
				SWIFT_ACTIVE_COMPILATION_CONDITIONS = DEBUG;
				SWIFT_OPTIMIZATION_LEVEL = "-Onone";
			};
			name = Debug;
		};
		46DBC57B23DFA48600985765 /* Release */ = {
			isa = XCBuildConfiguration;
			buildSettings = {
				ALWAYS_SEARCH_USER_PATHS = NO;
				CLANG_ANALYZER_NONNULL = YES;
				CLANG_ANALYZER_NUMBER_OBJECT_CONVERSION = YES_AGGRESSIVE;
				CLANG_CXX_LANGUAGE_STANDARD = "gnu++14";
				CLANG_CXX_LIBRARY = "libc++";
				CLANG_ENABLE_MODULES = YES;
				CLANG_ENABLE_OBJC_ARC = YES;
				CLANG_ENABLE_OBJC_WEAK = YES;
				CLANG_WARN_BLOCK_CAPTURE_AUTORELEASING = YES;
				CLANG_WARN_BOOL_CONVERSION = YES;
				CLANG_WARN_COMMA = YES;
				CLANG_WARN_CONSTANT_CONVERSION = YES;
				CLANG_WARN_DEPRECATED_OBJC_IMPLEMENTATIONS = YES;
				CLANG_WARN_DIRECT_OBJC_ISA_USAGE = YES_ERROR;
				CLANG_WARN_DOCUMENTATION_COMMENTS = YES;
				CLANG_WARN_EMPTY_BODY = YES;
				CLANG_WARN_ENUM_CONVERSION = YES;
				CLANG_WARN_INFINITE_RECURSION = YES;
				CLANG_WARN_INT_CONVERSION = YES;
				CLANG_WARN_NON_LITERAL_NULL_CONVERSION = YES;
				CLANG_WARN_OBJC_IMPLICIT_RETAIN_SELF = YES;
				CLANG_WARN_OBJC_LITERAL_CONVERSION = YES;
				CLANG_WARN_OBJC_ROOT_CLASS = YES_ERROR;
				CLANG_WARN_RANGE_LOOP_ANALYSIS = YES;
				CLANG_WARN_STRICT_PROTOTYPES = YES;
				CLANG_WARN_SUSPICIOUS_MOVE = YES;
				CLANG_WARN_UNGUARDED_AVAILABILITY = YES_AGGRESSIVE;
				CLANG_WARN_UNREACHABLE_CODE = YES;
				CLANG_WARN__DUPLICATE_METHOD_MATCH = YES;
				COPY_PHASE_STRIP = NO;
				DEBUG_INFORMATION_FORMAT = "dwarf-with-dsym";
				ENABLE_NS_ASSERTIONS = NO;
				ENABLE_STRICT_OBJC_MSGSEND = YES;
				GCC_C_LANGUAGE_STANDARD = gnu11;
				GCC_NO_COMMON_BLOCKS = YES;
				GCC_WARN_64_TO_32_BIT_CONVERSION = YES;
				GCC_WARN_ABOUT_RETURN_TYPE = YES_ERROR;
				GCC_WARN_UNDECLARED_SELECTOR = YES;
				GCC_WARN_UNINITIALIZED_AUTOS = YES_AGGRESSIVE;
				GCC_WARN_UNUSED_FUNCTION = YES;
				GCC_WARN_UNUSED_VARIABLE = YES;
				IPHONEOS_DEPLOYMENT_TARGET = 13.2;
				MTL_ENABLE_DEBUG_INFO = NO;
				MTL_FAST_MATH = YES;
				SDKROOT = iphoneos;
				SWIFT_COMPILATION_MODE = wholemodule;
				SWIFT_OPTIMIZATION_LEVEL = "-O";
				VALIDATE_PRODUCT = YES;
			};
			name = Release;
		};
		46DBC57D23DFA48600985765 /* Debug */ = {
			isa = XCBuildConfiguration;
			buildSettings = {
				ASSETCATALOG_COMPILER_APPICON_NAME = AppIcon;
				CODE_SIGN_STYLE = Automatic;
				INFOPLIST_FILE = githubTest/Info.plist;
				LD_RUNPATH_SEARCH_PATHS = (
					"$(inherited)",
					"@executable_path/Frameworks",
				);
				PRODUCT_BUNDLE_IDENTIFIER = com.purdueidc.githubTest;
				PRODUCT_NAME = "$(TARGET_NAME)";
				SWIFT_VERSION = 5.0;
				TARGETED_DEVICE_FAMILY = "1,2";
			};
			name = Debug;
		};
		46DBC57E23DFA48600985765 /* Release */ = {
			isa = XCBuildConfiguration;
			buildSettings = {
				ASSETCATALOG_COMPILER_APPICON_NAME = AppIcon;
				CODE_SIGN_STYLE = Automatic;
				INFOPLIST_FILE = githubTest/Info.plist;
				LD_RUNPATH_SEARCH_PATHS = (
					"$(inherited)",
					"@executable_path/Frameworks",
				);
				PRODUCT_BUNDLE_IDENTIFIER = com.purdueidc.githubTest;
				PRODUCT_NAME = "$(TARGET_NAME)";
				SWIFT_VERSION = 5.0;
				TARGETED_DEVICE_FAMILY = "1,2";
			};
			name = Release;
		};
		46DBC58023DFA48600985765 /* Debug */ = {
			isa = XCBuildConfiguration;
			buildSettings = {
				ALWAYS_EMBED_SWIFT_STANDARD_LIBRARIES = YES;
				BUNDLE_LOADER = "$(TEST_HOST)";
				CODE_SIGN_STYLE = Automatic;
				INFOPLIST_FILE = githubTestTests/Info.plist;
				IPHONEOS_DEPLOYMENT_TARGET = 13.2;
				LD_RUNPATH_SEARCH_PATHS = (
					"$(inherited)",
					"@executable_path/Frameworks",
					"@loader_path/Frameworks",
				);
				PRODUCT_BUNDLE_IDENTIFIER = com.purdueidc.githubTestTests;
				PRODUCT_NAME = "$(TARGET_NAME)";
				SWIFT_VERSION = 5.0;
				TARGETED_DEVICE_FAMILY = "1,2";
				TEST_HOST = "$(BUILT_PRODUCTS_DIR)/githubTest.app/githubTest";
			};
			name = Debug;
		};
		46DBC58123DFA48600985765 /* Release */ = {
			isa = XCBuildConfiguration;
			buildSettings = {
				ALWAYS_EMBED_SWIFT_STANDARD_LIBRARIES = YES;
				BUNDLE_LOADER = "$(TEST_HOST)";
				CODE_SIGN_STYLE = Automatic;
				INFOPLIST_FILE = githubTestTests/Info.plist;
				IPHONEOS_DEPLOYMENT_TARGET = 13.2;
				LD_RUNPATH_SEARCH_PATHS = (
					"$(inherited)",
					"@executable_path/Frameworks",
					"@loader_path/Frameworks",
				);
				PRODUCT_BUNDLE_IDENTIFIER = com.purdueidc.githubTestTests;
				PRODUCT_NAME = "$(TARGET_NAME)";
				SWIFT_VERSION = 5.0;
				TARGETED_DEVICE_FAMILY = "1,2";
				TEST_HOST = "$(BUILT_PRODUCTS_DIR)/githubTest.app/githubTest";
			};
			name = Release;
		};
		46DBC58323DFA48600985765 /* Debug */ = {
			isa = XCBuildConfiguration;
			buildSettings = {
				ALWAYS_EMBED_SWIFT_STANDARD_LIBRARIES = YES;
				CODE_SIGN_STYLE = Automatic;
				INFOPLIST_FILE = githubTestUITests/Info.plist;
				LD_RUNPATH_SEARCH_PATHS = (
					"$(inherited)",
					"@executable_path/Frameworks",
					"@loader_path/Frameworks",
				);
				PRODUCT_BUNDLE_IDENTIFIER = com.purdueidc.githubTestUITests;
				PRODUCT_NAME = "$(TARGET_NAME)";
				SWIFT_VERSION = 5.0;
				TARGETED_DEVICE_FAMILY = "1,2";
				TEST_TARGET_NAME = githubTest;
			};
			name = Debug;
		};
		46DBC58423DFA48600985765 /* Release */ = {
			isa = XCBuildConfiguration;
			buildSettings = {
				ALWAYS_EMBED_SWIFT_STANDARD_LIBRARIES = YES;
				CODE_SIGN_STYLE = Automatic;
				INFOPLIST_FILE = githubTestUITests/Info.plist;
				LD_RUNPATH_SEARCH_PATHS = (
					"$(inherited)",
					"@executable_path/Frameworks",
					"@loader_path/Frameworks",
				);
				PRODUCT_BUNDLE_IDENTIFIER = com.purdueidc.githubTestUITests;
				PRODUCT_NAME = "$(TARGET_NAME)";
				SWIFT_VERSION = 5.0;
				TARGETED_DEVICE_FAMILY = "1,2";
				TEST_TARGET_NAME = githubTest;
			};
			name = Release;
		};
/* End XCBuildConfiguration section */

/* Begin XCConfigurationList section */
		46DBC54D23DFA48300985765 /* Build configuration list for PBXProject "githubTest" */ = {
			isa = XCConfigurationList;
			buildConfigurations = (
				46DBC57A23DFA48600985765 /* Debug */,
				46DBC57B23DFA48600985765 /* Release */,
			);
			defaultConfigurationIsVisible = 0;
			defaultConfigurationName = Release;
		};
		46DBC57C23DFA48600985765 /* Build configuration list for PBXNativeTarget "githubTest" */ = {
			isa = XCConfigurationList;
			buildConfigurations = (
				46DBC57D23DFA48600985765 /* Debug */,
				46DBC57E23DFA48600985765 /* Release */,
			);
			defaultConfigurationIsVisible = 0;
			defaultConfigurationName = Release;
		};
		46DBC57F23DFA48600985765 /* Build configuration list for PBXNativeTarget "githubTestTests" */ = {
			isa = XCConfigurationList;
			buildConfigurations = (
				46DBC58023DFA48600985765 /* Debug */,
				46DBC58123DFA48600985765 /* Release */,
			);
			defaultConfigurationIsVisible = 0;
			defaultConfigurationName = Release;
		};
		46DBC58223DFA48600985765 /* Build configuration list for PBXNativeTarget "githubTestUITests" */ = {
			isa = XCConfigurationList;
			buildConfigurations = (
				46DBC58323DFA48600985765 /* Debug */,
				46DBC58423DFA48600985765 /* Release */,
			);
			defaultConfigurationIsVisible = 0;
			defaultConfigurationName = Release;
		};
/* End XCConfigurationList section */
	};
	rootObject = 46DBC54A23DFA48300985765 /* Project object */;
}
